
Microsoft Visual Studio Solution File, Format Version 12.00
# Visual Studio 15
VisualStudioVersion = 15.0.26124.0
MinimumVisualStudioVersion = 15.0.26124.0
Project("{FAE04EC0-301F-11D3-BF4B-00C04F79EFBC}") = "API", "API\API.csproj", "{ECFBFC49-1690-46C7-B374-3D257750C8D2}"
EndProject
Project("{FAE04EC0-301F-11D3-BF4B-00C04F79EFBC}") = "Application", "Application\Application.csproj", "{0E15039A-C283-450D-A93D-B0F76D6AF229}"
EndProject
Project("{FAE04EC0-301F-11D3-BF4B-00C04F79EFBC}") = "Persistence", "Persistence\Persistence.csproj", "{E3172EF2-1A87-4920-BB46-7D1FF1EDD96B}"
EndProject
Project("{FAE04EC0-301F-11D3-BF4B-00C04F79EFBC}") = "Domain", "Domain\Domain.csproj", "{D28ABB60-556E-4747-89A1-E1A6F23F4192}"
EndProject
Global
	GlobalSection(SolutionConfigurationPlatforms) = preSolution
		Debug|Any CPU = Debug|Any CPU
		Debug|x64 = Debug|x64
		Debug|x86 = Debug|x86
		Release|Any CPU = Release|Any CPU
		Release|x64 = Release|x64
		Release|x86 = Release|x86
	EndGlobalSection
	GlobalSection(SolutionProperties) = preSolution
		HideSolutionNode = FALSE
	EndGlobalSection
	GlobalSection(ProjectConfigurationPlatforms) = postSolution
		{ECFBFC49-1690-46C7-B374-3D257750C8D2}.Debug|Any CPU.ActiveCfg = Debug|Any CPU
		{ECFBFC49-1690-46C7-B374-3D257750C8D2}.Debug|Any CPU.Build.0 = Debug|Any CPU
		{ECFBFC49-1690-46C7-B374-3D257750C8D2}.Debug|x64.ActiveCfg = Debug|Any CPU
		{ECFBFC49-1690-46C7-B374-3D257750C8D2}.Debug|x64.Build.0 = Debug|Any CPU
		{ECFBFC49-1690-46C7-B374-3D257750C8D2}.Debug|x86.ActiveCfg = Debug|Any CPU
		{ECFBFC49-1690-46C7-B374-3D257750C8D2}.Debug|x86.Build.0 = Debug|Any CPU
		{ECFBFC49-1690-46C7-B374-3D257750C8D2}.Release|Any CPU.ActiveCfg = Release|Any CPU
		{ECFBFC49-1690-46C7-B374-3D257750C8D2}.Release|Any CPU.Build.0 = Release|Any CPU
		{ECFBFC49-1690-46C7-B374-3D257750C8D2}.Release|x64.ActiveCfg = Release|Any CPU
		{ECFBFC49-1690-46C7-B374-3D257750C8D2}.Release|x64.Build.0 = Release|Any CPU
		{ECFBFC49-1690-46C7-B374-3D257750C8D2}.Release|x86.ActiveCfg = Release|Any CPU
		{ECFBFC49-1690-46C7-B374-3D257750C8D2}.Release|x86.Build.0 = Release|Any CPU
		{0E15039A-C283-450D-A93D-B0F76D6AF229}.Debug|Any CPU.ActiveCfg = Debug|Any CPU
		{0E15039A-C283-450D-A93D-B0F76D6AF229}.Debug|Any CPU.Build.0 = Debug|Any CPU
		{0E15039A-C283-450D-A93D-B0F76D6AF229}.Debug|x64.ActiveCfg = Debug|Any CPU
		{0E15039A-C283-450D-A93D-B0F76D6AF229}.Debug|x64.Build.0 = Debug|Any CPU
		{0E15039A-C283-450D-A93D-B0F76D6AF229}.Debug|x86.ActiveCfg = Debug|Any CPU
		{0E15039A-C283-450D-A93D-B0F76D6AF229}.Debug|x86.Build.0 = Debug|Any CPU
		{0E15039A-C283-450D-A93D-B0F76D6AF229}.Release|Any CPU.ActiveCfg = Release|Any CPU
		{0E15039A-C283-450D-A93D-B0F76D6AF229}.Release|Any CPU.Build.0 = Release|Any CPU
		{0E15039A-C283-450D-A93D-B0F76D6AF229}.Release|x64.ActiveCfg = Release|Any CPU
		{0E15039A-C283-450D-A93D-B0F76D6AF229}.Release|x64.Build.0 = Release|Any CPU
		{0E15039A-C283-450D-A93D-B0F76D6AF229}.Release|x86.ActiveCfg = Release|Any CPU
		{0E15039A-C283-450D-A93D-B0F76D6AF229}.Release|x86.Build.0 = Release|Any CPU
		{E3172EF2-1A87-4920-BB46-7D1FF1EDD96B}.Debug|Any CPU.ActiveCfg = Debug|Any CPU
		{E3172EF2-1A87-4920-BB46-7D1FF1EDD96B}.Debug|Any CPU.Build.0 = Debug|Any CPU
		{E3172EF2-1A87-4920-BB46-7D1FF1EDD96B}.Debug|x64.ActiveCfg = Debug|Any CPU
		{E3172EF2-1A87-4920-BB46-7D1FF1EDD96B}.Debug|x64.Build.0 = Debug|Any CPU
		{E3172EF2-1A87-4920-BB46-7D1FF1EDD96B}.Debug|x86.ActiveCfg = Debug|Any CPU
		{E3172EF2-1A87-4920-BB46-7D1FF1EDD96B}.Debug|x86.Build.0 = Debug|Any CPU
		{E3172EF2-1A87-4920-BB46-7D1FF1EDD96B}.Release|Any CPU.ActiveCfg = Release|Any CPU
		{E3172EF2-1A87-4920-BB46-7D1FF1EDD96B}.Release|Any CPU.Build.0 = Release|Any CPU
		{E3172EF2-1A87-4920-BB46-7D1FF1EDD96B}.Release|x64.ActiveCfg = Release|Any CPU
		{E3172EF2-1A87-4920-BB46-7D1FF1EDD96B}.Release|x64.Build.0 = Release|Any CPU
		{E3172EF2-1A87-4920-BB46-7D1FF1EDD96B}.Release|x86.ActiveCfg = Release|Any CPU
		{E3172EF2-1A87-4920-BB46-7D1FF1EDD96B}.Release|x86.Build.0 = Release|Any CPU
		{D28ABB60-556E-4747-89A1-E1A6F23F4192}.Debug|Any CPU.ActiveCfg = Debug|Any CPU
		{D28ABB60-556E-4747-89A1-E1A6F23F4192}.Debug|Any CPU.Build.0 = Debug|Any CPU
		{D28ABB60-556E-4747-89A1-E1A6F23F4192}.Debug|x64.ActiveCfg = Debug|Any CPU
		{D28ABB60-556E-4747-89A1-E1A6F23F4192}.Debug|x64.Build.0 = Debug|Any CPU
		{D28ABB60-556E-4747-89A1-E1A6F23F4192}.Debug|x86.ActiveCfg = Debug|Any CPU
		{D28ABB60-556E-4747-89A1-E1A6F23F4192}.Debug|x86.Build.0 = Debug|Any CPU
		{D28ABB60-556E-4747-89A1-E1A6F23F4192}.Release|Any CPU.ActiveCfg = Release|Any CPU
		{D28ABB60-556E-4747-89A1-E1A6F23F4192}.Release|Any CPU.Build.0 = Release|Any CPU
		{D28ABB60-556E-4747-89A1-E1A6F23F4192}.Release|x64.ActiveCfg = Release|Any CPU
		{D28ABB60-556E-4747-89A1-E1A6F23F4192}.Release|x64.Build.0 = Release|Any CPU
		{D28ABB60-556E-4747-89A1-E1A6F23F4192}.Release|x86.ActiveCfg = Release|Any CPU
		{D28ABB60-556E-4747-89A1-E1A6F23F4192}.Release|x86.Build.0 = Release|Any CPU
	EndGlobalSection
EndGlobal
